
Microsoft Visual Studio Solution File, Format Version 12.00
# Visual Studio Version 16
VisualStudioVersion = 16.0.31205.134
MinimumVisualStudioVersion = 10.0.40219.1
Project("{9A19103F-16F7-4668-BE54-9A1E7A4F7556}") = "eInvoice", "eInvoice.csproj", "{D8639F05-89A6-4E4F-9C29-57E3855A680E}"
EndProject
Project("{9A19103F-16F7-4668-BE54-9A1E7A4F7556}") = "eInvoice.Core", "..\eInvoice.Core\eInvoice.Core.csproj", "{9038B42D-185F-42BD-854E-2D0623C6AE92}"
EndProject
Project("{9A19103F-16F7-4668-BE54-9A1E7A4F7556}") = "eInvoice.Infrastructure", "..\eInvoice.Infrastructure\eInvoice.Infrastructure.csproj", "{1ED093B5-FDE7-482B-B6BE-DD1AE832690C}"
EndProject
Global
	GlobalSection(SolutionConfigurationPlatforms) = preSolution
		Debug|Any CPU = Debug|Any CPU
		Release|Any CPU = Release|Any CPU
	EndGlobalSection
	GlobalSection(ProjectConfigurationPlatforms) = postSolution
		{D8639F05-89A6-4E4F-9C29-57E3855A680E}.Debug|Any CPU.ActiveCfg = Debug|Any CPU
		{D8639F05-89A6-4E4F-9C29-57E3855A680E}.Debug|Any CPU.Build.0 = Debug|Any CPU
		{D8639F05-89A6-4E4F-9C29-57E3855A680E}.Release|Any CPU.ActiveCfg = Release|Any CPU
		{D8639F05-89A6-4E4F-9C29-57E3855A680E}.Release|Any CPU.Build.0 = Release|Any CPU
		{9038B42D-185F-42BD-854E-2D0623C6AE92}.Debug|Any CPU.ActiveCfg = Debug|Any CPU
		{9038B42D-185F-42BD-854E-2D0623C6AE92}.Debug|Any CPU.Build.0 = Debug|Any CPU
		{9038B42D-185F-42BD-854E-2D0623C6AE92}.Release|Any CPU.ActiveCfg = Release|Any CPU
		{9038B42D-185F-42BD-854E-2D0623C6AE92}.Release|Any CPU.Build.0 = Release|Any CPU
		{1ED093B5-FDE7-482B-B6BE-DD1AE832690C}.Debug|Any CPU.ActiveCfg = Debug|Any CPU
		{1ED093B5-FDE7-482B-B6BE-DD1AE832690C}.Debug|Any CPU.Build.0 = Debug|Any CPU
		{1ED093B5-FDE7-482B-B6BE-DD1AE832690C}.Release|Any CPU.ActiveCfg = Release|Any CPU
		{1ED093B5-FDE7-482B-B6BE-DD1AE832690C}.Release|Any CPU.Build.0 = Release|Any CPU
	EndGlobalSection
	GlobalSection(SolutionProperties) = preSolution
		HideSolutionNode = FALSE
	EndGlobalSection
	GlobalSection(ExtensibilityGlobals) = postSolution
		SolutionGuid = {0F5268FE-EDD2-47C9-A6D2-CD5973223B21}
	EndGlobalSection
EndGlobal
